
Microsoft Visual Studio Solution File, Format Version 12.00
# Visual Studio Version 17
VisualStudioVersion = 17.13.35818.85
MinimumVisualStudioVersion = 10.0.40219.1
Project("{FAE04EC0-301F-11D3-BF4B-00C04F79EFBC}") = "WebApplication1", "WebApplication1\WebApplication1.csproj", "{4A8FDD1E-2F01-4AFF-AD2C-E2AC647FAA2F}"
EndProject
Project("{FAE04EC0-301F-11D3-BF4B-00C04F79EFBC}") = "WebApplication1IntegrationTest", "WebApplication1IntegrationTest\WebApplication1IntegrationTest.csproj", "{8A18E04B-90E0-4DF6-92FA-452BB292FB2E}"
EndProject
Global
	GlobalSection(SolutionConfigurationPlatforms) = preSolution
		Debug|Any CPU = Debug|Any CPU
		Release|Any CPU = Release|Any CPU
	EndGlobalSection
	GlobalSection(ProjectConfigurationPlatforms) = postSolution
		{4A8FDD1E-2F01-4AFF-AD2C-E2AC647FAA2F}.Debug|Any CPU.ActiveCfg = Debug|Any CPU
		{4A8FDD1E-2F01-4AFF-AD2C-E2AC647FAA2F}.Debug|Any CPU.Build.0 = Debug|Any CPU
		{4A8FDD1E-2F01-4AFF-AD2C-E2AC647FAA2F}.Release|Any CPU.ActiveCfg = Release|Any CPU
		{4A8FDD1E-2F01-4AFF-AD2C-E2AC647FAA2F}.Release|Any CPU.Build.0 = Release|Any CPU
		{8A18E04B-90E0-4DF6-92FA-452BB292FB2E}.Debug|Any CPU.ActiveCfg = Debug|Any CPU
		{8A18E04B-90E0-4DF6-92FA-452BB292FB2E}.Debug|Any CPU.Build.0 = Debug|Any CPU
		{8A18E04B-90E0-4DF6-92FA-452BB292FB2E}.Release|Any CPU.ActiveCfg = Release|Any CPU
		{8A18E04B-90E0-4DF6-92FA-452BB292FB2E}.Release|Any CPU.Build.0 = Release|Any CPU
	EndGlobalSection
	GlobalSection(SolutionProperties) = preSolution
		HideSolutionNode = FALSE
	EndGlobalSection
	GlobalSection(ExtensibilityGlobals) = postSolution
		SolutionGuid = {DAC92E28-51EF-4018-81A5-82359143C2CA}
	EndGlobalSection
EndGlobal
